
Microsoft Visual Studio Solution File, Format Version 12.00
# Visual Studio Version 16
VisualStudioVersion = 16.0.29920.165
MinimumVisualStudioVersion = 10.0.40219.1
Project("{9A19103F-16F7-4668-BE54-9A1E7A4F7556}") = "StellarDiceCalculator", "StellarDiceCalculator.csproj", "{B412671B-1CBE-43E4-967E-36FD0713CD56}"
EndProject
Global
	GlobalSection(SolutionConfigurationPlatforms) = preSolution
		Debug|Any CPU = Debug|Any CPU
		Debug|x64 = Debug|x64
		Release|Any CPU = Release|Any CPU
		Release|x64 = Release|x64
	EndGlobalSection
	GlobalSection(ProjectConfigurationPlatforms) = postSolution
		{B412671B-1CBE-43E4-967E-36FD0713CD56}.Debug|Any CPU.ActiveCfg = Debug|Any CPU
		{B412671B-1CBE-43E4-967E-36FD0713CD56}.Debug|Any CPU.Build.0 = Debug|Any CPU
		{B412671B-1CBE-43E4-967E-36FD0713CD56}.Debug|x64.ActiveCfg = Debug|x64
		{B412671B-1CBE-43E4-967E-36FD0713CD56}.Debug|x64.Build.0 = Debug|x64
		{B412671B-1CBE-43E4-967E-36FD0713CD56}.Release|Any CPU.ActiveCfg = Release|Any CPU
		{B412671B-1CBE-43E4-967E-36FD0713CD56}.Release|Any CPU.Build.0 = Release|Any CPU
		{B412671B-1CBE-43E4-967E-36FD0713CD56}.Release|x64.ActiveCfg = Release|x64
		{B412671B-1CBE-43E4-967E-36FD0713CD56}.Release|x64.Build.0 = Release|x64
	EndGlobalSection
	GlobalSection(SolutionProperties) = preSolution
		HideSolutionNode = FALSE
	EndGlobalSection
	GlobalSection(ExtensibilityGlobals) = postSolution
		SolutionGuid = {319CD44E-0BB5-459F-BE90-59EBAB3C0EB1}
	EndGlobalSection
EndGlobal
