
Microsoft Visual Studio Solution File, Format Version 12.00
# Visual Studio Version 16
VisualStudioVersion = 16.0.29920.165
MinimumVisualStudioVersion = 10.0.40219.1
Project("{9A19103F-16F7-4668-BE54-9A1E7A4F7556}") = "StellarDiceCalculator", "StellarDiceCalculator.csproj", "{FB842E25-A0BC-461A-9F3B-544F988C5A01}"
EndProject
Global
	GlobalSection(SolutionConfigurationPlatforms) = preSolution
		Debug|Any CPU = Debug|Any CPU
		Release|Any CPU = Release|Any CPU
	EndGlobalSection
	GlobalSection(ProjectConfigurationPlatforms) = postSolution
		{FB842E25-A0BC-461A-9F3B-544F988C5A01}.Debug|Any CPU.ActiveCfg = Release|Any CPU
		{FB842E25-A0BC-461A-9F3B-544F988C5A01}.Debug|Any CPU.Build.0 = Release|Any CPU
		{FB842E25-A0BC-461A-9F3B-544F988C5A01}.Release|Any CPU.ActiveCfg = Release|Any CPU
		{FB842E25-A0BC-461A-9F3B-544F988C5A01}.Release|Any CPU.Build.0 = Release|Any CPU
	EndGlobalSection
	GlobalSection(SolutionProperties) = preSolution
		HideSolutionNode = FALSE
	EndGlobalSection
	GlobalSection(ExtensibilityGlobals) = postSolution
		SolutionGuid = {D972810F-7C44-4BC7-AC59-1D3EB5E26C61}
	EndGlobalSection
EndGlobal
